
Microsoft Visual Studio Solution File, Format Version 12.00
# Visual Studio 14
VisualStudioVersion = 14.0.25420.1
MinimumVisualStudioVersion = 10.0.40219.1
Project("{FAE04EC0-301F-11D3-BF4B-00C04F79EFBC}") = "ImageProcessingLibrary", "ImageProcessingLibrary\ImageProcessingLibrary.csproj", "{D3D0E73D-4261-44CF-987F-23D1C1B46DE0}"
EndProject
Project("{FAE04EC0-301F-11D3-BF4B-00C04F79EFBC}") = "ImageProcessingLibraryUser", "ImageProcessingLibraryUser\ImageProcessingLibraryUser.csproj", "{74D94B8A-59E7-4470-9D32-4F5D4A874502}"
EndProject
Project("{FAE04EC0-301F-11D3-BF4B-00C04F79EFBC}") = "TestConsole", "TestConsole\TestConsole.csproj", "{02EB3282-6509-4FF5-BD95-CA64BB9227F0}"
EndProject
Global
	GlobalSection(SolutionConfigurationPlatforms) = preSolution
		Debug|Any CPU = Debug|Any CPU
		Release|Any CPU = Release|Any CPU
	EndGlobalSection
	GlobalSection(ProjectConfigurationPlatforms) = postSolution
		{D3D0E73D-4261-44CF-987F-23D1C1B46DE0}.Debug|Any CPU.ActiveCfg = Debug|Any CPU
		{D3D0E73D-4261-44CF-987F-23D1C1B46DE0}.Debug|Any CPU.Build.0 = Debug|Any CPU
		{D3D0E73D-4261-44CF-987F-23D1C1B46DE0}.Release|Any CPU.ActiveCfg = Release|Any CPU
		{D3D0E73D-4261-44CF-987F-23D1C1B46DE0}.Release|Any CPU.Build.0 = Release|Any CPU
		{74D94B8A-59E7-4470-9D32-4F5D4A874502}.Debug|Any CPU.ActiveCfg = Debug|Any CPU
		{74D94B8A-59E7-4470-9D32-4F5D4A874502}.Debug|Any CPU.Build.0 = Debug|Any CPU
		{74D94B8A-59E7-4470-9D32-4F5D4A874502}.Release|Any CPU.ActiveCfg = Release|Any CPU
		{74D94B8A-59E7-4470-9D32-4F5D4A874502}.Release|Any CPU.Build.0 = Release|Any CPU
		{02EB3282-6509-4FF5-BD95-CA64BB9227F0}.Debug|Any CPU.ActiveCfg = Debug|Any CPU
		{02EB3282-6509-4FF5-BD95-CA64BB9227F0}.Debug|Any CPU.Build.0 = Debug|Any CPU
		{02EB3282-6509-4FF5-BD95-CA64BB9227F0}.Release|Any CPU.ActiveCfg = Release|Any CPU
		{02EB3282-6509-4FF5-BD95-CA64BB9227F0}.Release|Any CPU.Build.0 = Release|Any CPU
	EndGlobalSection
	GlobalSection(SolutionProperties) = preSolution
		HideSolutionNode = FALSE
	EndGlobalSection
EndGlobal
